// !$*UTF8*$!
{
	archiveVersion = 1;
	classes = {
	};
	objectVersion = 55;
	objects = {

/* Begin PBXBuildFile section */
		64886CAED0304CF8AB9930F5 /* Pods_GoodList.framework in Frameworks */ = {isa = PBXBuildFile; fileRef = FCED629AC4C0931352DB882A /* Pods_GoodList.framework */; };
		BAFC573229B1D31E001D4B2E /* AppDelegate.swift in Sources */ = {isa = PBXBuildFile; fileRef = BAFC573129B1D31E001D4B2E /* AppDelegate.swift */; };
		BAFC573429B1D31E001D4B2E /* SceneDelegate.swift in Sources */ = {isa = PBXBuildFile; fileRef = BAFC573329B1D31E001D4B2E /* SceneDelegate.swift */; };
		BAFC573929B1D31E001D4B2E /* Main.storyboard in Resources */ = {isa = PBXBuildFile; fileRef = BAFC573729B1D31E001D4B2E /* Main.storyboard */; };
		BAFC573B29B1D31F001D4B2E /* Assets.xcassets in Resources */ = {isa = PBXBuildFile; fileRef = BAFC573A29B1D31F001D4B2E /* Assets.xcassets */; };
		BAFC573E29B1D31F001D4B2E /* LaunchScreen.storyboard in Resources */ = {isa = PBXBuildFile; fileRef = BAFC573C29B1D31F001D4B2E /* LaunchScreen.storyboard */; };
		BAFC574729B1D34D001D4B2E /* TaskListViewController.swift in Sources */ = {isa = PBXBuildFile; fileRef = BAFC574629B1D34D001D4B2E /* TaskListViewController.swift */; };
		BAFC574929B1D838001D4B2E /* AddTaskViewController.swift in Sources */ = {isa = PBXBuildFile; fileRef = BAFC574829B1D838001D4B2E /* AddTaskViewController.swift */; };
		BAFC574C29B1E571001D4B2E /* Task.swift in Sources */ = {isa = PBXBuildFile; fileRef = BAFC574B29B1E571001D4B2E /* Task.swift */; };
/* End PBXBuildFile section */

/* Begin PBXFileReference section */
		14A63A87C80DD91D24AFD81F /* Pods-GoodList.debug.xcconfig */ = {isa = PBXFileReference; includeInIndex = 1; lastKnownFileType = text.xcconfig; name = "Pods-GoodList.debug.xcconfig"; path = "Target Support Files/Pods-GoodList/Pods-GoodList.debug.xcconfig"; sourceTree = "<group>"; };
		81EFB17B9175FBE6A5D13B16 /* Pods-GoodList.release.xcconfig */ = {isa = PBXFileReference; includeInIndex = 1; lastKnownFileType = text.xcconfig; name = "Pods-GoodList.release.xcconfig"; path = "Target Support Files/Pods-GoodList/Pods-GoodList.release.xcconfig"; sourceTree = "<group>"; };
		BAFC572E29B1D31E001D4B2E /* GoodList.app */ = {isa = PBXFileReference; explicitFileType = wrapper.application; includeInIndex = 0; path = GoodList.app; sourceTree = BUILT_PRODUCTS_DIR; };
		BAFC573129B1D31E001D4B2E /* AppDelegate.swift */ = {isa = PBXFileReference; lastKnownFileType = sourcecode.swift; path = AppDelegate.swift; sourceTree = "<group>"; };
		BAFC573329B1D31E001D4B2E /* SceneDelegate.swift */ = {isa = PBXFileReference; lastKnownFileType = sourcecode.swift; path = SceneDelegate.swift; sourceTree = "<group>"; };
		BAFC573829B1D31E001D4B2E /* Base */ = {isa = PBXFileReference; lastKnownFileType = file.storyboard; name = Base; path = Base.lproj/Main.storyboard; sourceTree = "<group>"; };
		BAFC573A29B1D31F001D4B2E /* Assets.xcassets */ = {isa = PBXFileReference; lastKnownFileType = folder.assetcatalog; path = Assets.xcassets; sourceTree = "<group>"; };
		BAFC573D29B1D31F001D4B2E /* Base */ = {isa = PBXFileReference; lastKnownFileType = file.storyboard; name = Base; path = Base.lproj/LaunchScreen.storyboard; sourceTree = "<group>"; };
		BAFC573F29B1D31F001D4B2E /* Info.plist */ = {isa = PBXFileReference; lastKnownFileType = text.plist.xml; path = Info.plist; sourceTree = "<group>"; };
		BAFC574629B1D34D001D4B2E /* TaskListViewController.swift */ = {isa = PBXFileReference; lastKnownFileType = sourcecode.swift; path = TaskListViewController.swift; sourceTree = "<group>"; };
		BAFC574829B1D838001D4B2E /* AddTaskViewController.swift */ = {isa = PBXFileReference; lastKnownFileType = sourcecode.swift; path = AddTaskViewController.swift; sourceTree = "<group>"; };
		BAFC574B29B1E571001D4B2E /* Task.swift */ = {isa = PBXFileReference; lastKnownFileType = sourcecode.swift; path = Task.swift; sourceTree = "<group>"; };
		FCED629AC4C0931352DB882A /* Pods_GoodList.framework */ = {isa = PBXFileReference; explicitFileType = wrapper.framework; includeInIndex = 0; path = Pods_GoodList.framework; sourceTree = BUILT_PRODUCTS_DIR; };
/* End PBXFileReference section */

/* Begin PBXFrameworksBuildPhase section */
		BAFC572B29B1D31E001D4B2E /* Frameworks */ = {
			isa = PBXFrameworksBuildPhase;
			buildActionMask = 2147483647;
			files = (
				64886CAED0304CF8AB9930F5 /* Pods_GoodList.framework in Frameworks */,
			);
			runOnlyForDeploymentPostprocessing = 0;
		};
/* End PBXFrameworksBuildPhase section */

/* Begin PBXGroup section */
		2969B904D0BFAFE5CFC77EBF /* Pods */ = {
			isa = PBXGroup;
			children = (
				14A63A87C80DD91D24AFD81F /* Pods-GoodList.debug.xcconfig */,
				81EFB17B9175FBE6A5D13B16 /* Pods-GoodList.release.xcconfig */,
			);
			name = Pods;
			path = Pods;
			sourceTree = "<group>";
		};
		BAFC572529B1D31E001D4B2E = {
			isa = PBXGroup;
			children = (
				BAFC573029B1D31E001D4B2E /* GoodList */,
				BAFC572F29B1D31E001D4B2E /* Products */,
				2969B904D0BFAFE5CFC77EBF /* Pods */,
				DBBC438E070BB88FAEE2E4EC /* Frameworks */,
			);
			sourceTree = "<group>";
		};
		BAFC572F29B1D31E001D4B2E /* Products */ = {
			isa = PBXGroup;
			children = (
				BAFC572E29B1D31E001D4B2E /* GoodList.app */,
			);
			name = Products;
			sourceTree = "<group>";
		};
		BAFC573029B1D31E001D4B2E /* GoodList */ = {
			isa = PBXGroup;
			children = (
				BAFC574A29B1E565001D4B2E /* Models */,
				BAFC574529B1D33C001D4B2E /* Controllers */,
				BAFC573129B1D31E001D4B2E /* AppDelegate.swift */,
				BAFC573329B1D31E001D4B2E /* SceneDelegate.swift */,
				BAFC573729B1D31E001D4B2E /* Main.storyboard */,
				BAFC573A29B1D31F001D4B2E /* Assets.xcassets */,
				BAFC573C29B1D31F001D4B2E /* LaunchScreen.storyboard */,
				BAFC573F29B1D31F001D4B2E /* Info.plist */,
			);
			path = GoodList;
			sourceTree = "<group>";
		};
		BAFC574529B1D33C001D4B2E /* Controllers */ = {
			isa = PBXGroup;
			children = (
				BAFC574629B1D34D001D4B2E /* TaskListViewController.swift */,
				BAFC574829B1D838001D4B2E /* AddTaskViewController.swift */,
			);
			path = Controllers;
			sourceTree = "<group>";
		};
		BAFC574A29B1E565001D4B2E /* Models */ = {
			isa = PBXGroup;
			children = (
				BAFC574B29B1E571001D4B2E /* Task.swift */,
			);
			path = Models;
			sourceTree = "<group>";
		};
		DBBC438E070BB88FAEE2E4EC /* Frameworks */ = {
			isa = PBXGroup;
			children = (
				FCED629AC4C0931352DB882A /* Pods_GoodList.framework */,
			);
			name = Frameworks;
			sourceTree = "<group>";
		};
/* End PBXGroup section */

/* Begin PBXNativeTarget section */
		BAFC572D29B1D31E001D4B2E /* GoodList */ = {
			isa = PBXNativeTarget;
			buildConfigurationList = BAFC574229B1D31F001D4B2E /* Build configuration list for PBXNativeTarget "GoodList" */;
			buildPhases = (
				C8683DF40085C6D94B64D076 /* [CP] Check Pods Manifest.lock */,
				BAFC572A29B1D31E001D4B2E /* Sources */,
				BAFC572B29B1D31E001D4B2E /* Frameworks */,
				BAFC572C29B1D31E001D4B2E /* Resources */,
				DACD11247DB219757566497C /* [CP] Embed Pods Frameworks */,
			);
			buildRules = (
			);
			dependencies = (
			);
			name = GoodList;
			productName = GoodList;
			productReference = BAFC572E29B1D31E001D4B2E /* GoodList.app */;
			productType = "com.apple.product-type.application";
		};
/* End PBXNativeTarget section */

/* Begin PBXProject section */
		BAFC572629B1D31E001D4B2E /* Project object */ = {
			isa = PBXProject;
			attributes = {
				BuildIndependentTargetsInParallel = 1;
				LastSwiftUpdateCheck = 1340;
				LastUpgradeCheck = 1340;
				TargetAttributes = {
					BAFC572D29B1D31E001D4B2E = {
						CreatedOnToolsVersion = 13.4.1;
					};
				};
			};
			buildConfigurationList = BAFC572929B1D31E001D4B2E /* Build configuration list for PBXProject "GoodList" */;
			compatibilityVersion = "Xcode 13.0";
			developmentRegion = en;
			hasScannedForEncodings = 0;
			knownRegions = (
				en,
				Base,
			);
			mainGroup = BAFC572529B1D31E001D4B2E;
			productRefGroup = BAFC572F29B1D31E001D4B2E /* Products */;
			projectDirPath = "";
			projectRoot = "";
			targets = (
				BAFC572D29B1D31E001D4B2E /* GoodList */,
			);
		};
/* End PBXProject section */

/* Begin PBXResourcesBuildPhase section */
		BAFC572C29B1D31E001D4B2E /* Resources */ = {
			isa = PBXResourcesBuildPhase;
			buildActionMask = 2147483647;
			files = (
				BAFC573E29B1D31F001D4B2E /* LaunchScreen.storyboard in Resources */,
				BAFC573B29B1D31F001D4B2E /* Assets.xcassets in Resources */,
				BAFC573929B1D31E001D4B2E /* Main.storyboard in Resources */,
			);
			runOnlyForDeploymentPostprocessing = 0;
		};
/* End PBXResourcesBuildPhase section */

/* Begin PBXShellScriptBuildPhase section */
		C8683DF40085C6D94B64D076 /* [CP] Check Pods Manifest.lock */ = {
			isa = PBXShellScriptBuildPhase;
			buildActionMask = 2147483647;
			files = (
			);
			inputFileListPaths = (
			);
			inputPaths = (
				"${PODS_PODFILE_DIR_PATH}/Podfile.lock",
				"${PODS_ROOT}/Manifest.lock",
			);
			name = "[CP] Check Pods Manifest.lock";
			outputFileListPaths = (
			);
			outputPaths = (
				"$(DERIVED_FILE_DIR)/Pods-GoodList-checkManifestLockResult.txt",
			);
			runOnlyForDeploymentPostprocessing = 0;
			shellPath = /bin/sh;
			shellScript = "diff \"${PODS_PODFILE_DIR_PATH}/Podfile.lock\" \"${PODS_ROOT}/Manifest.lock\" > /dev/null\nif [ $? != 0 ] ; then\n    # print error to STDERR\n    echo \"error: The sandbox is not in sync with the Podfile.lock. Run 'pod install' or update your CocoaPods installation.\" >&2\n    exit 1\nfi\n# This output is used by Xcode 'outputs' to avoid re-running this script phase.\necho \"SUCCESS\" > \"${SCRIPT_OUTPUT_FILE_0}\"\n";
			showEnvVarsInLog = 0;
		};
		DACD11247DB219757566497C /* [CP] Embed Pods Frameworks */ = {
			isa = PBXShellScriptBuildPhase;
			buildActionMask = 2147483647;
			files = (
			);
			inputFileListPaths = (
				"${PODS_ROOT}/Target Support Files/Pods-GoodList/Pods-GoodList-frameworks-${CONFIGURATION}-input-files.xcfilelist",
			);
			name = "[CP] Embed Pods Frameworks";
			outputFileListPaths = (
				"${PODS_ROOT}/Target Support Files/Pods-GoodList/Pods-GoodList-frameworks-${CONFIGURATION}-output-files.xcfilelist",
			);
			runOnlyForDeploymentPostprocessing = 0;
			shellPath = /bin/sh;
			shellScript = "\"${PODS_ROOT}/Target Support Files/Pods-GoodList/Pods-GoodList-frameworks.sh\"\n";
			showEnvVarsInLog = 0;
		};
/* End PBXShellScriptBuildPhase section */

/* Begin PBXSourcesBuildPhase section */
		BAFC572A29B1D31E001D4B2E /* Sources */ = {
			isa = PBXSourcesBuildPhase;
			buildActionMask = 2147483647;
			files = (
				BAFC573229B1D31E001D4B2E /* AppDelegate.swift in Sources */,
				BAFC574929B1D838001D4B2E /* AddTaskViewController.swift in Sources */,
				BAFC574C29B1E571001D4B2E /* Task.swift in Sources */,
				BAFC573429B1D31E001D4B2E /* SceneDelegate.swift in Sources */,
				BAFC574729B1D34D001D4B2E /* TaskListViewController.swift in Sources */,
			);
			runOnlyForDeploymentPostprocessing = 0;
		};
/* End PBXSourcesBuildPhase section */

/* Begin PBXVariantGroup section */
		BAFC573729B1D31E001D4B2E /* Main.storyboard */ = {
			isa = PBXVariantGroup;
			children = (
				BAFC573829B1D31E001D4B2E /* Base */,
			);
			name = Main.storyboard;
			sourceTree = "<group>";
		};
		BAFC573C29B1D31F001D4B2E /* LaunchScreen.storyboard */ = {
			isa = PBXVariantGroup;
			children = (
				BAFC573D29B1D31F001D4B2E /* Base */,
			);
			name = LaunchScreen.storyboard;
			sourceTree = "<group>";
		};
/* End PBXVariantGroup section */

/* Begin XCBuildConfiguration section */
		BAFC574029B1D31F001D4B2E /* Debug */ = {
			isa = XCBuildConfiguration;
			buildSettings = {
				ALWAYS_SEARCH_USER_PATHS = NO;
				CLANG_ANALYZER_NONNULL = YES;
				CLANG_ANALYZER_NUMBER_OBJECT_CONVERSION = YES_AGGRESSIVE;
				CLANG_CXX_LANGUAGE_STANDARD = "gnu++17";
				CLANG_ENABLE_MODULES = YES;
				CLANG_ENABLE_OBJC_ARC = YES;
				CLANG_ENABLE_OBJC_WEAK = YES;
				CLANG_WARN_BLOCK_CAPTURE_AUTORELEASING = YES;
				CLANG_WARN_BOOL_CONVERSION = YES;
				CLANG_WARN_COMMA = YES;
				CLANG_WARN_CONSTANT_CONVERSION = YES;
				CLANG_WARN_DEPRECATED_OBJC_IMPLEMENTATIONS = YES;
				CLANG_WARN_DIRECT_OBJC_ISA_USAGE = YES_ERROR;
				CLANG_WARN_DOCUMENTATION_COMMENTS = YES;
				CLANG_WARN_EMPTY_BODY = YES;
				CLANG_WARN_ENUM_CONVERSION = YES;
				CLANG_WARN_INFINITE_RECURSION = YES;
				CLANG_WARN_INT_CONVERSION = YES;
				CLANG_WARN_NON_LITERAL_NULL_CONVERSION = YES;
				CLANG_WARN_OBJC_IMPLICIT_RETAIN_SELF = YES;
				CLANG_WARN_OBJC_LITERAL_CONVERSION = YES;
				CLANG_WARN_OBJC_ROOT_CLASS = YES_ERROR;
				CLANG_WARN_QUOTED_INCLUDE_IN_FRAMEWORK_HEADER = YES;
				CLANG_WARN_RANGE_LOOP_ANALYSIS = YES;
				CLANG_WARN_STRICT_PROTOTYPES = YES;
				CLANG_WARN_SUSPICIOUS_MOVE = YES;
				CLANG_WARN_UNGUARDED_AVAILABILITY = YES_AGGRESSIVE;
				CLANG_WARN_UNREACHABLE_CODE = YES;
				CLANG_WARN__DUPLICATE_METHOD_MATCH = YES;
				COPY_PHASE_STRIP = NO;
				DEBUG_INFORMATION_FORMAT = dwarf;
				ENABLE_STRICT_OBJC_MSGSEND = YES;
				ENABLE_TESTABILITY = YES;
				GCC_C_LANGUAGE_STANDARD = gnu11;
				GCC_DYNAMIC_NO_PIC = NO;
				GCC_NO_COMMON_BLOCKS = YES;
				GCC_OPTIMIZATION_LEVEL = 0;
				GCC_PREPROCESSOR_DEFINITIONS = (
					"DEBUG=1",
					"$(inherited)",
				);
				GCC_WARN_64_TO_32_BIT_CONVERSION = YES;
				GCC_WARN_ABOUT_RETURN_TYPE = YES_ERROR;
				GCC_WARN_UNDECLARED_SELECTOR = YES;
				GCC_WARN_UNINITIALIZED_AUTOS = YES_AGGRESSIVE;
				GCC_WARN_UNUSED_FUNCTION = YES;
				GCC_WARN_UNUSED_VARIABLE = YES;
				IPHONEOS_DEPLOYMENT_TARGET = 15.5;
				MTL_ENABLE_DEBUG_INFO = INCLUDE_SOURCE;
				MTL_FAST_MATH = YES;
				ONLY_ACTIVE_ARCH = YES;
				SDKROOT = iphoneos;
				SWIFT_ACTIVE_COMPILATION_CONDITIONS = DEBUG;
				SWIFT_OPTIMIZATION_LEVEL = "-Onone";
			};
			name = Debug;
		};
		BAFC574129B1D31F001D4B2E /* Release */ = {
			isa = XCBuildConfiguration;
			buildSettings = {
				ALWAYS_SEARCH_USER_PATHS = NO;
				CLANG_ANALYZER_NONNULL = YES;
				CLANG_ANALYZER_NUMBER_OBJECT_CONVERSION = YES_AGGRESSIVE;
				CLANG_CXX_LANGUAGE_STANDARD = "gnu++17";
				CLANG_ENABLE_MODULES = YES;
				CLANG_ENABLE_OBJC_ARC = YES;
				CLANG_ENABLE_OBJC_WEAK = YES;
				CLANG_WARN_BLOCK_CAPTURE_AUTORELEASING = YES;
				CLANG_WARN_BOOL_CONVERSION = YES;
				CLANG_WARN_COMMA = YES;
				CLANG_WARN_CONSTANT_CONVERSION = YES;
				CLANG_WARN_DEPRECATED_OBJC_IMPLEMENTATIONS = YES;
				CLANG_WARN_DIRECT_OBJC_ISA_USAGE = YES_ERROR;
				CLANG_WARN_DOCUMENTATION_COMMENTS = YES;
				CLANG_WARN_EMPTY_BODY = YES;
				CLANG_WARN_ENUM_CONVERSION = YES;
				CLANG_WARN_INFINITE_RECURSION = YES;
				CLANG_WARN_INT_CONVERSION = YES;
				CLANG_WARN_NON_LITERAL_NULL_CONVERSION = YES;
				CLANG_WARN_OBJC_IMPLICIT_RETAIN_SELF = YES;
				CLANG_WARN_OBJC_LITERAL_CONVERSION = YES;
				CLANG_WARN_OBJC_ROOT_CLASS = YES_ERROR;
				CLANG_WARN_QUOTED_INCLUDE_IN_FRAMEWORK_HEADER = YES;
				CLANG_WARN_RANGE_LOOP_ANALYSIS = YES;
				CLANG_WARN_STRICT_PROTOTYPES = YES;
				CLANG_WARN_SUSPICIOUS_MOVE = YES;
				CLANG_WARN_UNGUARDED_AVAILABILITY = YES_AGGRESSIVE;
				CLANG_WARN_UNREACHABLE_CODE = YES;
				CLANG_WARN__DUPLICATE_METHOD_MATCH = YES;
				COPY_PHASE_STRIP = NO;
				DEBUG_INFORMATION_FORMAT = "dwarf-with-dsym";
				ENABLE_NS_ASSERTIONS = NO;
				ENABLE_STRICT_OBJC_MSGSEND = YES;
				GCC_C_LANGUAGE_STANDARD = gnu11;
				GCC_NO_COMMON_BLOCKS = YES;
				GCC_WARN_64_TO_32_BIT_CONVERSION = YES;
				GCC_WARN_ABOUT_RETURN_TYPE = YES_ERROR;
				GCC_WARN_UNDECLARED_SELECTOR = YES;
				GCC_WARN_UNINITIALIZED_AUTOS = YES_AGGRESSIVE;
				GCC_WARN_UNUSED_FUNCTION = YES;
				GCC_WARN_UNUSED_VARIABLE = YES;
				IPHONEOS_DEPLOYMENT_TARGET = 15.5;
				MTL_ENABLE_DEBUG_INFO = NO;
				MTL_FAST_MATH = YES;
				SDKROOT = iphoneos;
				SWIFT_COMPILATION_MODE = wholemodule;
				SWIFT_OPTIMIZATION_LEVEL = "-O";
				VALIDATE_PRODUCT = YES;
			};
			name = Release;
		};
		BAFC574329B1D31F001D4B2E /* Debug */ = {
			isa = XCBuildConfiguration;
			baseConfigurationReference = 14A63A87C80DD91D24AFD81F /* Pods-GoodList.debug.xcconfig */;
			buildSettings = {
				ASSETCATALOG_COMPILER_APPICON_NAME = AppIcon;
				ASSETCATALOG_COMPILER_GLOBAL_ACCENT_COLOR_NAME = AccentColor;
				CODE_SIGN_STYLE = Automatic;
				CURRENT_PROJECT_VERSION = 1;
				DEVELOPMENT_TEAM = 4UY2M9TWUY;
				GENERATE_INFOPLIST_FILE = YES;
				INFOPLIST_FILE = GoodList/Info.plist;
				INFOPLIST_KEY_UIApplicationSupportsIndirectInputEvents = YES;
				INFOPLIST_KEY_UILaunchStoryboardName = LaunchScreen;
				INFOPLIST_KEY_UIMainStoryboardFile = Main;
				INFOPLIST_KEY_UISupportedInterfaceOrientations_iPad = "UIInterfaceOrientationPortrait UIInterfaceOrientationPortraitUpsideDown UIInterfaceOrientationLandscapeLeft UIInterfaceOrientationLandscapeRight";
				INFOPLIST_KEY_UISupportedInterfaceOrientations_iPhone = "UIInterfaceOrientationPortrait UIInterfaceOrientationLandscapeLeft UIInterfaceOrientationLandscapeRight";
				LD_RUNPATH_SEARCH_PATHS = (
					"$(inherited)",
					"@executable_path/Frameworks",
				);
				MARKETING_VERSION = 1.0;
				PRODUCT_BUNDLE_IDENTIFIER = com.mun.GoodList;
				PRODUCT_NAME = "$(TARGET_NAME)";
				SWIFT_EMIT_LOC_STRINGS = YES;
				SWIFT_VERSION = 5.0;
				TARGETED_DEVICE_FAMILY = "1,2";
			};
			name = Debug;
		};
		BAFC574429B1D31F001D4B2E /* Release */ = {
			isa = XCBuildConfiguration;
			baseConfigurationReference = 81EFB17B9175FBE6A5D13B16 /* Pods-GoodList.release.xcconfig */;
			buildSettings = {
				ASSETCATALOG_COMPILER_APPICON_NAME = AppIcon;
				ASSETCATALOG_COMPILER_GLOBAL_ACCENT_COLOR_NAME = AccentColor;
				CODE_SIGN_STYLE = Automatic;
				CURRENT_PROJECT_VERSION = 1;
				DEVELOPMENT_TEAM = 4UY2M9TWUY;
				GENERATE_INFOPLIST_FILE = YES;
				INFOPLIST_FILE = GoodList/Info.plist;
				INFOPLIST_KEY_UIApplicationSupportsIndirectInputEvents = YES;
				INFOPLIST_KEY_UILaunchStoryboardName = LaunchScreen;
				INFOPLIST_KEY_UIMainStoryboardFile = Main;
				INFOPLIST_KEY_UISupportedInterfaceOrientations_iPad = "UIInterfaceOrientationPortrait UIInterfaceOrientationPortraitUpsideDown UIInterfaceOrientationLandscapeLeft UIInterfaceOrientationLandscapeRight";
				INFOPLIST_KEY_UISupportedInterfaceOrientations_iPhone = "UIInterfaceOrientationPortrait UIInterfaceOrientationLandscapeLeft UIInterfaceOrientationLandscapeRight";
				LD_RUNPATH_SEARCH_PATHS = (
					"$(inherited)",
					"@executable_path/Frameworks",
				);
				MARKETING_VERSION = 1.0;
				PRODUCT_BUNDLE_IDENTIFIER = com.mun.GoodList;
				PRODUCT_NAME = "$(TARGET_NAME)";
				SWIFT_EMIT_LOC_STRINGS = YES;
				SWIFT_VERSION = 5.0;
				TARGETED_DEVICE_FAMILY = "1,2";
			};
			name = Release;
		};
/* End XCBuildConfiguration section */

/* Begin XCConfigurationList section */
		BAFC572929B1D31E001D4B2E /* Build configuration list for PBXProject "GoodList" */ = {
			isa = XCConfigurationList;
			buildConfigurations = (
				BAFC574029B1D31F001D4B2E /* Debug */,
				BAFC574129B1D31F001D4B2E /* Release */,
			);
			defaultConfigurationIsVisible = 0;
			defaultConfigurationName = Release;
		};
		BAFC574229B1D31F001D4B2E /* Build configuration list for PBXNativeTarget "GoodList" */ = {
			isa = XCConfigurationList;
			buildConfigurations = (
				BAFC574329B1D31F001D4B2E /* Debug */,
				BAFC574429B1D31F001D4B2E /* Release */,
			);
			defaultConfigurationIsVisible = 0;
			defaultConfigurationName = Release;
		};
/* End XCConfigurationList section */
	};
	rootObject = BAFC572629B1D31E001D4B2E /* Project object */;
}
