// !$*UTF8*$!
{
	archiveVersion = 1;
	classes = {
	};
	objectVersion = 55;
	objects = {

/* Begin PBXBuildFile section */
		92E00441778FB8C7C2DDC442 /* Pods_GoodWeather.framework in Frameworks */ = {isa = PBXBuildFile; fileRef = AD99CEF32E5188FB8316F48F /* Pods_GoodWeather.framework */; };
		BA58FE6E29B3289400836958 /* AppDelegate.swift in Sources */ = {isa = PBXBuildFile; fileRef = BA58FE6D29B3289400836958 /* AppDelegate.swift */; };
		BA58FE7029B3289400836958 /* SceneDelegate.swift in Sources */ = {isa = PBXBuildFile; fileRef = BA58FE6F29B3289400836958 /* SceneDelegate.swift */; };
		BA58FE7229B3289400836958 /* ViewController.swift in Sources */ = {isa = PBXBuildFile; fileRef = BA58FE7129B3289400836958 /* ViewController.swift */; };
		BA58FE7529B3289400836958 /* Main.storyboard in Resources */ = {isa = PBXBuildFile; fileRef = BA58FE7329B3289400836958 /* Main.storyboard */; };
		BA58FE7729B3289500836958 /* Assets.xcassets in Resources */ = {isa = PBXBuildFile; fileRef = BA58FE7629B3289500836958 /* Assets.xcassets */; };
		BA58FE7A29B3289500836958 /* LaunchScreen.storyboard in Resources */ = {isa = PBXBuildFile; fileRef = BA58FE7829B3289500836958 /* LaunchScreen.storyboard */; };
		BA58FE8329B32A6800836958 /* WeatherResult.swift in Sources */ = {isa = PBXBuildFile; fileRef = BA58FE8229B32A6800836958 /* WeatherResult.swift */; };
		BA58FE8629B32B5300836958 /* URLRequest+Extensions.swift in Sources */ = {isa = PBXBuildFile; fileRef = BA58FE8529B32B5300836958 /* URLRequest+Extensions.swift */; };
		BA58FE8829B3317400836958 /* URL+Extensions.swift in Sources */ = {isa = PBXBuildFile; fileRef = BA58FE8729B3317400836958 /* URL+Extensions.swift */; };
/* End PBXBuildFile section */

/* Begin PBXFileReference section */
		103BA15708E7B1AAC6EDBC33 /* Pods-GoodWeather.debug.xcconfig */ = {isa = PBXFileReference; includeInIndex = 1; lastKnownFileType = text.xcconfig; name = "Pods-GoodWeather.debug.xcconfig"; path = "Target Support Files/Pods-GoodWeather/Pods-GoodWeather.debug.xcconfig"; sourceTree = "<group>"; };
		A09FDEA1745224A43A3DCDD8 /* Pods-GoodWeather.release.xcconfig */ = {isa = PBXFileReference; includeInIndex = 1; lastKnownFileType = text.xcconfig; name = "Pods-GoodWeather.release.xcconfig"; path = "Target Support Files/Pods-GoodWeather/Pods-GoodWeather.release.xcconfig"; sourceTree = "<group>"; };
		AD99CEF32E5188FB8316F48F /* Pods_GoodWeather.framework */ = {isa = PBXFileReference; explicitFileType = wrapper.framework; includeInIndex = 0; path = Pods_GoodWeather.framework; sourceTree = BUILT_PRODUCTS_DIR; };
		BA58FE6A29B3289400836958 /* GoodWeather.app */ = {isa = PBXFileReference; explicitFileType = wrapper.application; includeInIndex = 0; path = GoodWeather.app; sourceTree = BUILT_PRODUCTS_DIR; };
		BA58FE6D29B3289400836958 /* AppDelegate.swift */ = {isa = PBXFileReference; lastKnownFileType = sourcecode.swift; path = AppDelegate.swift; sourceTree = "<group>"; };
		BA58FE6F29B3289400836958 /* SceneDelegate.swift */ = {isa = PBXFileReference; lastKnownFileType = sourcecode.swift; path = SceneDelegate.swift; sourceTree = "<group>"; };
		BA58FE7129B3289400836958 /* ViewController.swift */ = {isa = PBXFileReference; lastKnownFileType = sourcecode.swift; path = ViewController.swift; sourceTree = "<group>"; };
		BA58FE7429B3289400836958 /* Base */ = {isa = PBXFileReference; lastKnownFileType = file.storyboard; name = Base; path = Base.lproj/Main.storyboard; sourceTree = "<group>"; };
		BA58FE7629B3289500836958 /* Assets.xcassets */ = {isa = PBXFileReference; lastKnownFileType = folder.assetcatalog; path = Assets.xcassets; sourceTree = "<group>"; };
		BA58FE7929B3289500836958 /* Base */ = {isa = PBXFileReference; lastKnownFileType = file.storyboard; name = Base; path = Base.lproj/LaunchScreen.storyboard; sourceTree = "<group>"; };
		BA58FE7B29B3289500836958 /* Info.plist */ = {isa = PBXFileReference; lastKnownFileType = text.plist.xml; path = Info.plist; sourceTree = "<group>"; };
		BA58FE8229B32A6800836958 /* WeatherResult.swift */ = {isa = PBXFileReference; lastKnownFileType = sourcecode.swift; path = WeatherResult.swift; sourceTree = "<group>"; };
		BA58FE8529B32B5300836958 /* URLRequest+Extensions.swift */ = {isa = PBXFileReference; lastKnownFileType = sourcecode.swift; path = "URLRequest+Extensions.swift"; sourceTree = "<group>"; };
		BA58FE8729B3317400836958 /* URL+Extensions.swift */ = {isa = PBXFileReference; lastKnownFileType = sourcecode.swift; path = "URL+Extensions.swift"; sourceTree = "<group>"; };
/* End PBXFileReference section */

/* Begin PBXFrameworksBuildPhase section */
		BA58FE6729B3289400836958 /* Frameworks */ = {
			isa = PBXFrameworksBuildPhase;
			buildActionMask = 2147483647;
			files = (
				92E00441778FB8C7C2DDC442 /* Pods_GoodWeather.framework in Frameworks */,
			);
			runOnlyForDeploymentPostprocessing = 0;
		};
/* End PBXFrameworksBuildPhase section */

/* Begin PBXGroup section */
		BA58FE6129B3289400836958 = {
			isa = PBXGroup;
			children = (
				BA58FE6C29B3289400836958 /* GoodWeather */,
				BA58FE6B29B3289400836958 /* Products */,
				D30612ED957A20FDF927E737 /* Pods */,
				C51C72295F7B1B4BED704D64 /* Frameworks */,
			);
			sourceTree = "<group>";
		};
		BA58FE6B29B3289400836958 /* Products */ = {
			isa = PBXGroup;
			children = (
				BA58FE6A29B3289400836958 /* GoodWeather.app */,
			);
			name = Products;
			sourceTree = "<group>";
		};
		BA58FE6C29B3289400836958 /* GoodWeather */ = {
			isa = PBXGroup;
			children = (
				BA58FE8429B32B2E00836958 /* Extensions */,
				BA58FE8129B32A5600836958 /* Models */,
				BA58FE6D29B3289400836958 /* AppDelegate.swift */,
				BA58FE6F29B3289400836958 /* SceneDelegate.swift */,
				BA58FE7129B3289400836958 /* ViewController.swift */,
				BA58FE7329B3289400836958 /* Main.storyboard */,
				BA58FE7629B3289500836958 /* Assets.xcassets */,
				BA58FE7829B3289500836958 /* LaunchScreen.storyboard */,
				BA58FE7B29B3289500836958 /* Info.plist */,
			);
			path = GoodWeather;
			sourceTree = "<group>";
		};
		BA58FE8129B32A5600836958 /* Models */ = {
			isa = PBXGroup;
			children = (
				BA58FE8229B32A6800836958 /* WeatherResult.swift */,
			);
			path = Models;
			sourceTree = "<group>";
		};
		BA58FE8429B32B2E00836958 /* Extensions */ = {
			isa = PBXGroup;
			children = (
				BA58FE8529B32B5300836958 /* URLRequest+Extensions.swift */,
				BA58FE8729B3317400836958 /* URL+Extensions.swift */,
			);
			path = Extensions;
			sourceTree = "<group>";
		};
		C51C72295F7B1B4BED704D64 /* Frameworks */ = {
			isa = PBXGroup;
			children = (
				AD99CEF32E5188FB8316F48F /* Pods_GoodWeather.framework */,
			);
			name = Frameworks;
			sourceTree = "<group>";
		};
		D30612ED957A20FDF927E737 /* Pods */ = {
			isa = PBXGroup;
			children = (
				103BA15708E7B1AAC6EDBC33 /* Pods-GoodWeather.debug.xcconfig */,
				A09FDEA1745224A43A3DCDD8 /* Pods-GoodWeather.release.xcconfig */,
			);
			path = Pods;
			sourceTree = "<group>";
		};
/* End PBXGroup section */

/* Begin PBXNativeTarget section */
		BA58FE6929B3289400836958 /* GoodWeather */ = {
			isa = PBXNativeTarget;
			buildConfigurationList = BA58FE7E29B3289500836958 /* Build configuration list for PBXNativeTarget "GoodWeather" */;
			buildPhases = (
				371F8E9365EC05AD5BEAB807 /* [CP] Check Pods Manifest.lock */,
				BA58FE6629B3289400836958 /* Sources */,
				BA58FE6729B3289400836958 /* Frameworks */,
				BA58FE6829B3289400836958 /* Resources */,
				6A3B37C44E26AAF525F7C53D /* [CP] Embed Pods Frameworks */,
			);
			buildRules = (
			);
			dependencies = (
			);
			name = GoodWeather;
			productName = GoodWeather;
			productReference = BA58FE6A29B3289400836958 /* GoodWeather.app */;
			productType = "com.apple.product-type.application";
		};
/* End PBXNativeTarget section */

/* Begin PBXProject section */
		BA58FE6229B3289400836958 /* Project object */ = {
			isa = PBXProject;
			attributes = {
				BuildIndependentTargetsInParallel = 1;
				LastSwiftUpdateCheck = 1340;
				LastUpgradeCheck = 1340;
				TargetAttributes = {
					BA58FE6929B3289400836958 = {
						CreatedOnToolsVersion = 13.4.1;
					};
				};
			};
			buildConfigurationList = BA58FE6529B3289400836958 /* Build configuration list for PBXProject "GoodWeather" */;
			compatibilityVersion = "Xcode 13.0";
			developmentRegion = en;
			hasScannedForEncodings = 0;
			knownRegions = (
				en,
				Base,
			);
			mainGroup = BA58FE6129B3289400836958;
			productRefGroup = BA58FE6B29B3289400836958 /* Products */;
			projectDirPath = "";
			projectRoot = "";
			targets = (
				BA58FE6929B3289400836958 /* GoodWeather */,
			);
		};
/* End PBXProject section */

/* Begin PBXResourcesBuildPhase section */
		BA58FE6829B3289400836958 /* Resources */ = {
			isa = PBXResourcesBuildPhase;
			buildActionMask = 2147483647;
			files = (
				BA58FE7A29B3289500836958 /* LaunchScreen.storyboard in Resources */,
				BA58FE7729B3289500836958 /* Assets.xcassets in Resources */,
				BA58FE7529B3289400836958 /* Main.storyboard in Resources */,
			);
			runOnlyForDeploymentPostprocessing = 0;
		};
/* End PBXResourcesBuildPhase section */

/* Begin PBXShellScriptBuildPhase section */
		371F8E9365EC05AD5BEAB807 /* [CP] Check Pods Manifest.lock */ = {
			isa = PBXShellScriptBuildPhase;
			buildActionMask = 2147483647;
			files = (
			);
			inputFileListPaths = (
			);
			inputPaths = (
				"${PODS_PODFILE_DIR_PATH}/Podfile.lock",
				"${PODS_ROOT}/Manifest.lock",
			);
			name = "[CP] Check Pods Manifest.lock";
			outputFileListPaths = (
			);
			outputPaths = (
				"$(DERIVED_FILE_DIR)/Pods-GoodWeather-checkManifestLockResult.txt",
			);
			runOnlyForDeploymentPostprocessing = 0;
			shellPath = /bin/sh;
			shellScript = "diff \"${PODS_PODFILE_DIR_PATH}/Podfile.lock\" \"${PODS_ROOT}/Manifest.lock\" > /dev/null\nif [ $? != 0 ] ; then\n    # print error to STDERR\n    echo \"error: The sandbox is not in sync with the Podfile.lock. Run 'pod install' or update your CocoaPods installation.\" >&2\n    exit 1\nfi\n# This output is used by Xcode 'outputs' to avoid re-running this script phase.\necho \"SUCCESS\" > \"${SCRIPT_OUTPUT_FILE_0}\"\n";
			showEnvVarsInLog = 0;
		};
		6A3B37C44E26AAF525F7C53D /* [CP] Embed Pods Frameworks */ = {
			isa = PBXShellScriptBuildPhase;
			buildActionMask = 2147483647;
			files = (
			);
			inputFileListPaths = (
				"${PODS_ROOT}/Target Support Files/Pods-GoodWeather/Pods-GoodWeather-frameworks-${CONFIGURATION}-input-files.xcfilelist",
			);
			name = "[CP] Embed Pods Frameworks";
			outputFileListPaths = (
				"${PODS_ROOT}/Target Support Files/Pods-GoodWeather/Pods-GoodWeather-frameworks-${CONFIGURATION}-output-files.xcfilelist",
			);
			runOnlyForDeploymentPostprocessing = 0;
			shellPath = /bin/sh;
			shellScript = "\"${PODS_ROOT}/Target Support Files/Pods-GoodWeather/Pods-GoodWeather-frameworks.sh\"\n";
			showEnvVarsInLog = 0;
		};
/* End PBXShellScriptBuildPhase section */

/* Begin PBXSourcesBuildPhase section */
		BA58FE6629B3289400836958 /* Sources */ = {
			isa = PBXSourcesBuildPhase;
			buildActionMask = 2147483647;
			files = (
				BA58FE7229B3289400836958 /* ViewController.swift in Sources */,
				BA58FE8829B3317400836958 /* URL+Extensions.swift in Sources */,
				BA58FE8329B32A6800836958 /* WeatherResult.swift in Sources */,
				BA58FE6E29B3289400836958 /* AppDelegate.swift in Sources */,
				BA58FE8629B32B5300836958 /* URLRequest+Extensions.swift in Sources */,
				BA58FE7029B3289400836958 /* SceneDelegate.swift in Sources */,
			);
			runOnlyForDeploymentPostprocessing = 0;
		};
/* End PBXSourcesBuildPhase section */

/* Begin PBXVariantGroup section */
		BA58FE7329B3289400836958 /* Main.storyboard */ = {
			isa = PBXVariantGroup;
			children = (
				BA58FE7429B3289400836958 /* Base */,
			);
			name = Main.storyboard;
			sourceTree = "<group>";
		};
		BA58FE7829B3289500836958 /* LaunchScreen.storyboard */ = {
			isa = PBXVariantGroup;
			children = (
				BA58FE7929B3289500836958 /* Base */,
			);
			name = LaunchScreen.storyboard;
			sourceTree = "<group>";
		};
/* End PBXVariantGroup section */

/* Begin XCBuildConfiguration section */
		BA58FE7C29B3289500836958 /* Debug */ = {
			isa = XCBuildConfiguration;
			buildSettings = {
				ALWAYS_SEARCH_USER_PATHS = NO;
				CLANG_ANALYZER_NONNULL = YES;
				CLANG_ANALYZER_NUMBER_OBJECT_CONVERSION = YES_AGGRESSIVE;
				CLANG_CXX_LANGUAGE_STANDARD = "gnu++17";
				CLANG_ENABLE_MODULES = YES;
				CLANG_ENABLE_OBJC_ARC = YES;
				CLANG_ENABLE_OBJC_WEAK = YES;
				CLANG_WARN_BLOCK_CAPTURE_AUTORELEASING = YES;
				CLANG_WARN_BOOL_CONVERSION = YES;
				CLANG_WARN_COMMA = YES;
				CLANG_WARN_CONSTANT_CONVERSION = YES;
				CLANG_WARN_DEPRECATED_OBJC_IMPLEMENTATIONS = YES;
				CLANG_WARN_DIRECT_OBJC_ISA_USAGE = YES_ERROR;
				CLANG_WARN_DOCUMENTATION_COMMENTS = YES;
				CLANG_WARN_EMPTY_BODY = YES;
				CLANG_WARN_ENUM_CONVERSION = YES;
				CLANG_WARN_INFINITE_RECURSION = YES;
				CLANG_WARN_INT_CONVERSION = YES;
				CLANG_WARN_NON_LITERAL_NULL_CONVERSION = YES;
				CLANG_WARN_OBJC_IMPLICIT_RETAIN_SELF = YES;
				CLANG_WARN_OBJC_LITERAL_CONVERSION = YES;
				CLANG_WARN_OBJC_ROOT_CLASS = YES_ERROR;
				CLANG_WARN_QUOTED_INCLUDE_IN_FRAMEWORK_HEADER = YES;
				CLANG_WARN_RANGE_LOOP_ANALYSIS = YES;
				CLANG_WARN_STRICT_PROTOTYPES = YES;
				CLANG_WARN_SUSPICIOUS_MOVE = YES;
				CLANG_WARN_UNGUARDED_AVAILABILITY = YES_AGGRESSIVE;
				CLANG_WARN_UNREACHABLE_CODE = YES;
				CLANG_WARN__DUPLICATE_METHOD_MATCH = YES;
				COPY_PHASE_STRIP = NO;
				DEBUG_INFORMATION_FORMAT = dwarf;
				ENABLE_STRICT_OBJC_MSGSEND = YES;
				ENABLE_TESTABILITY = YES;
				GCC_C_LANGUAGE_STANDARD = gnu11;
				GCC_DYNAMIC_NO_PIC = NO;
				GCC_NO_COMMON_BLOCKS = YES;
				GCC_OPTIMIZATION_LEVEL = 0;
				GCC_PREPROCESSOR_DEFINITIONS = (
					"DEBUG=1",
					"$(inherited)",
				);
				GCC_WARN_64_TO_32_BIT_CONVERSION = YES;
				GCC_WARN_ABOUT_RETURN_TYPE = YES_ERROR;
				GCC_WARN_UNDECLARED_SELECTOR = YES;
				GCC_WARN_UNINITIALIZED_AUTOS = YES_AGGRESSIVE;
				GCC_WARN_UNUSED_FUNCTION = YES;
				GCC_WARN_UNUSED_VARIABLE = YES;
				IPHONEOS_DEPLOYMENT_TARGET = 15.5;
				MTL_ENABLE_DEBUG_INFO = INCLUDE_SOURCE;
				MTL_FAST_MATH = YES;
				ONLY_ACTIVE_ARCH = YES;
				SDKROOT = iphoneos;
				SWIFT_ACTIVE_COMPILATION_CONDITIONS = DEBUG;
				SWIFT_OPTIMIZATION_LEVEL = "-Onone";
			};
			name = Debug;
		};
		BA58FE7D29B3289500836958 /* Release */ = {
			isa = XCBuildConfiguration;
			buildSettings = {
				ALWAYS_SEARCH_USER_PATHS = NO;
				CLANG_ANALYZER_NONNULL = YES;
				CLANG_ANALYZER_NUMBER_OBJECT_CONVERSION = YES_AGGRESSIVE;
				CLANG_CXX_LANGUAGE_STANDARD = "gnu++17";
				CLANG_ENABLE_MODULES = YES;
				CLANG_ENABLE_OBJC_ARC = YES;
				CLANG_ENABLE_OBJC_WEAK = YES;
				CLANG_WARN_BLOCK_CAPTURE_AUTORELEASING = YES;
				CLANG_WARN_BOOL_CONVERSION = YES;
				CLANG_WARN_COMMA = YES;
				CLANG_WARN_CONSTANT_CONVERSION = YES;
				CLANG_WARN_DEPRECATED_OBJC_IMPLEMENTATIONS = YES;
				CLANG_WARN_DIRECT_OBJC_ISA_USAGE = YES_ERROR;
				CLANG_WARN_DOCUMENTATION_COMMENTS = YES;
				CLANG_WARN_EMPTY_BODY = YES;
				CLANG_WARN_ENUM_CONVERSION = YES;
				CLANG_WARN_INFINITE_RECURSION = YES;
				CLANG_WARN_INT_CONVERSION = YES;
				CLANG_WARN_NON_LITERAL_NULL_CONVERSION = YES;
				CLANG_WARN_OBJC_IMPLICIT_RETAIN_SELF = YES;
				CLANG_WARN_OBJC_LITERAL_CONVERSION = YES;
				CLANG_WARN_OBJC_ROOT_CLASS = YES_ERROR;
				CLANG_WARN_QUOTED_INCLUDE_IN_FRAMEWORK_HEADER = YES;
				CLANG_WARN_RANGE_LOOP_ANALYSIS = YES;
				CLANG_WARN_STRICT_PROTOTYPES = YES;
				CLANG_WARN_SUSPICIOUS_MOVE = YES;
				CLANG_WARN_UNGUARDED_AVAILABILITY = YES_AGGRESSIVE;
				CLANG_WARN_UNREACHABLE_CODE = YES;
				CLANG_WARN__DUPLICATE_METHOD_MATCH = YES;
				COPY_PHASE_STRIP = NO;
				DEBUG_INFORMATION_FORMAT = "dwarf-with-dsym";
				ENABLE_NS_ASSERTIONS = NO;
				ENABLE_STRICT_OBJC_MSGSEND = YES;
				GCC_C_LANGUAGE_STANDARD = gnu11;
				GCC_NO_COMMON_BLOCKS = YES;
				GCC_WARN_64_TO_32_BIT_CONVERSION = YES;
				GCC_WARN_ABOUT_RETURN_TYPE = YES_ERROR;
				GCC_WARN_UNDECLARED_SELECTOR = YES;
				GCC_WARN_UNINITIALIZED_AUTOS = YES_AGGRESSIVE;
				GCC_WARN_UNUSED_FUNCTION = YES;
				GCC_WARN_UNUSED_VARIABLE = YES;
				IPHONEOS_DEPLOYMENT_TARGET = 15.5;
				MTL_ENABLE_DEBUG_INFO = NO;
				MTL_FAST_MATH = YES;
				SDKROOT = iphoneos;
				SWIFT_COMPILATION_MODE = wholemodule;
				SWIFT_OPTIMIZATION_LEVEL = "-O";
				VALIDATE_PRODUCT = YES;
			};
			name = Release;
		};
		BA58FE7F29B3289500836958 /* Debug */ = {
			isa = XCBuildConfiguration;
			baseConfigurationReference = 103BA15708E7B1AAC6EDBC33 /* Pods-GoodWeather.debug.xcconfig */;
			buildSettings = {
				ASSETCATALOG_COMPILER_APPICON_NAME = AppIcon;
				ASSETCATALOG_COMPILER_GLOBAL_ACCENT_COLOR_NAME = AccentColor;
				CODE_SIGN_STYLE = Automatic;
				CURRENT_PROJECT_VERSION = 1;
				DEVELOPMENT_TEAM = 4UY2M9TWUY;
				GENERATE_INFOPLIST_FILE = YES;
				INFOPLIST_FILE = GoodWeather/Info.plist;
				INFOPLIST_KEY_UIApplicationSupportsIndirectInputEvents = YES;
				INFOPLIST_KEY_UILaunchStoryboardName = LaunchScreen;
				INFOPLIST_KEY_UIMainStoryboardFile = Main;
				INFOPLIST_KEY_UISupportedInterfaceOrientations_iPad = "UIInterfaceOrientationPortrait UIInterfaceOrientationPortraitUpsideDown UIInterfaceOrientationLandscapeLeft UIInterfaceOrientationLandscapeRight";
				INFOPLIST_KEY_UISupportedInterfaceOrientations_iPhone = "UIInterfaceOrientationPortrait UIInterfaceOrientationLandscapeLeft UIInterfaceOrientationLandscapeRight";
				LD_RUNPATH_SEARCH_PATHS = (
					"$(inherited)",
					"@executable_path/Frameworks",
				);
				MARKETING_VERSION = 1.0;
				PRODUCT_BUNDLE_IDENTIFIER = com.mun.GoodWeather;
				PRODUCT_NAME = "$(TARGET_NAME)";
				SWIFT_EMIT_LOC_STRINGS = YES;
				SWIFT_VERSION = 5.0;
				TARGETED_DEVICE_FAMILY = "1,2";
			};
			name = Debug;
		};
		BA58FE8029B3289500836958 /* Release */ = {
			isa = XCBuildConfiguration;
			baseConfigurationReference = A09FDEA1745224A43A3DCDD8 /* Pods-GoodWeather.release.xcconfig */;
			buildSettings = {
				ASSETCATALOG_COMPILER_APPICON_NAME = AppIcon;
				ASSETCATALOG_COMPILER_GLOBAL_ACCENT_COLOR_NAME = AccentColor;
				CODE_SIGN_STYLE = Automatic;
				CURRENT_PROJECT_VERSION = 1;
				DEVELOPMENT_TEAM = 4UY2M9TWUY;
				GENERATE_INFOPLIST_FILE = YES;
				INFOPLIST_FILE = GoodWeather/Info.plist;
				INFOPLIST_KEY_UIApplicationSupportsIndirectInputEvents = YES;
				INFOPLIST_KEY_UILaunchStoryboardName = LaunchScreen;
				INFOPLIST_KEY_UIMainStoryboardFile = Main;
				INFOPLIST_KEY_UISupportedInterfaceOrientations_iPad = "UIInterfaceOrientationPortrait UIInterfaceOrientationPortraitUpsideDown UIInterfaceOrientationLandscapeLeft UIInterfaceOrientationLandscapeRight";
				INFOPLIST_KEY_UISupportedInterfaceOrientations_iPhone = "UIInterfaceOrientationPortrait UIInterfaceOrientationLandscapeLeft UIInterfaceOrientationLandscapeRight";
				LD_RUNPATH_SEARCH_PATHS = (
					"$(inherited)",
					"@executable_path/Frameworks",
				);
				MARKETING_VERSION = 1.0;
				PRODUCT_BUNDLE_IDENTIFIER = com.mun.GoodWeather;
				PRODUCT_NAME = "$(TARGET_NAME)";
				SWIFT_EMIT_LOC_STRINGS = YES;
				SWIFT_VERSION = 5.0;
				TARGETED_DEVICE_FAMILY = "1,2";
			};
			name = Release;
		};
/* End XCBuildConfiguration section */

/* Begin XCConfigurationList section */
		BA58FE6529B3289400836958 /* Build configuration list for PBXProject "GoodWeather" */ = {
			isa = XCConfigurationList;
			buildConfigurations = (
				BA58FE7C29B3289500836958 /* Debug */,
				BA58FE7D29B3289500836958 /* Release */,
			);
			defaultConfigurationIsVisible = 0;
			defaultConfigurationName = Release;
		};
		BA58FE7E29B3289500836958 /* Build configuration list for PBXNativeTarget "GoodWeather" */ = {
			isa = XCConfigurationList;
			buildConfigurations = (
				BA58FE7F29B3289500836958 /* Debug */,
				BA58FE8029B3289500836958 /* Release */,
			);
			defaultConfigurationIsVisible = 0;
			defaultConfigurationName = Release;
		};
/* End XCConfigurationList section */
	};
	rootObject = BA58FE6229B3289400836958 /* Project object */;
}
